
Microsoft Visual Studio Solution File, Format Version 12.00
# Visual Studio Version 17
VisualStudioVersion = 17.10.34607.79
MinimumVisualStudioVersion = 10.0.40219.1
Project("{FAE04EC0-301F-11D3-BF4B-00C04F79EFBC}") = "MVC using EF", "MVC using EF\MVC using EF.csproj", "{07971C45-EE34-4B44-923A-E7EBF45741A3}"
EndProject
Global
	GlobalSection(SolutionConfigurationPlatforms) = preSolution
		Debug|Any CPU = Debug|Any CPU
		Release|Any CPU = Release|Any CPU
	EndGlobalSection
	GlobalSection(ProjectConfigurationPlatforms) = postSolution
		{07971C45-EE34-4B44-923A-E7EBF45741A3}.Debug|Any CPU.ActiveCfg = Debug|Any CPU
		{07971C45-EE34-4B44-923A-E7EBF45741A3}.Debug|Any CPU.Build.0 = Debug|Any CPU
		{07971C45-EE34-4B44-923A-E7EBF45741A3}.Release|Any CPU.ActiveCfg = Release|Any CPU
		{07971C45-EE34-4B44-923A-E7EBF45741A3}.Release|Any CPU.Build.0 = Release|Any CPU
	EndGlobalSection
	GlobalSection(SolutionProperties) = preSolution
		HideSolutionNode = FALSE
	EndGlobalSection
	GlobalSection(ExtensibilityGlobals) = postSolution
		SolutionGuid = {F5C09378-C44B-43D7-B500-B0DC672C8A65}
	EndGlobalSection
EndGlobal
